// !$*UTF8*$!
{
	archiveVersion = 1;
	classes = {
	};
	objectVersion = 56;
	objects = {

/* Begin PBXBuildFile section */
		C4126E342BC6DA9800CF0E9A /* swiftcardApp.swift in Sources */ = {isa = PBXBuildFile; fileRef = C4126E332BC6DA9800CF0E9A /* swiftcardApp.swift */; };
		C4126E362BC6DA9800CF0E9A /* ContentView.swift in Sources */ = {isa = PBXBuildFile; fileRef = C4126E352BC6DA9800CF0E9A /* ContentView.swift */; };
		C4126E382BC6DA9900CF0E9A /* Assets.xcassets in Resources */ = {isa = PBXBuildFile; fileRef = C4126E372BC6DA9900CF0E9A /* Assets.xcassets */; };
		C4126E3B2BC6DA9900CF0E9A /* Preview Assets.xcassets in Resources */ = {isa = PBXBuildFile; fileRef = C4126E3A2BC6DA9900CF0E9A /* Preview Assets.xcassets */; };
		C4126E452BC6DA9A00CF0E9A /* swiftcardTests.swift in Sources */ = {isa = PBXBuildFile; fileRef = C4126E442BC6DA9A00CF0E9A /* swiftcardTests.swift */; };
		C4126E4F2BC6DA9A00CF0E9A /* swiftcardUITests.swift in Sources */ = {isa = PBXBuildFile; fileRef = C4126E4E2BC6DA9A00CF0E9A /* swiftcardUITests.swift */; };
		C4126E512BC6DA9A00CF0E9A /* swiftcardUITestsLaunchTests.swift in Sources */ = {isa = PBXBuildFile; fileRef = C4126E502BC6DA9A00CF0E9A /* swiftcardUITestsLaunchTests.swift */; };
/* End PBXBuildFile section */

/* Begin PBXContainerItemProxy section */
		C4126E412BC6DA9A00CF0E9A /* PBXContainerItemProxy */ = {
			isa = PBXContainerItemProxy;
			containerPortal = C4126E282BC6DA9800CF0E9A /* Project object */;
			proxyType = 1;
			remoteGlobalIDString = C4126E2F2BC6DA9800CF0E9A;
			remoteInfo = swiftcard;
		};
		C4126E4B2BC6DA9A00CF0E9A /* PBXContainerItemProxy */ = {
			isa = PBXContainerItemProxy;
			containerPortal = C4126E282BC6DA9800CF0E9A /* Project object */;
			proxyType = 1;
			remoteGlobalIDString = C4126E2F2BC6DA9800CF0E9A;
			remoteInfo = swiftcard;
		};
/* End PBXContainerItemProxy section */

/* Begin PBXFileReference section */
		C4126E302BC6DA9800CF0E9A /* swiftcard.app */ = {isa = PBXFileReference; explicitFileType = wrapper.application; includeInIndex = 0; path = swiftcard.app; sourceTree = BUILT_PRODUCTS_DIR; };
		C4126E332BC6DA9800CF0E9A /* swiftcardApp.swift */ = {isa = PBXFileReference; lastKnownFileType = sourcecode.swift; path = swiftcardApp.swift; sourceTree = "<group>"; };
		C4126E352BC6DA9800CF0E9A /* ContentView.swift */ = {isa = PBXFileReference; lastKnownFileType = sourcecode.swift; path = ContentView.swift; sourceTree = "<group>"; };
		C4126E372BC6DA9900CF0E9A /* Assets.xcassets */ = {isa = PBXFileReference; lastKnownFileType = folder.assetcatalog; path = Assets.xcassets; sourceTree = "<group>"; };
		C4126E3A2BC6DA9900CF0E9A /* Preview Assets.xcassets */ = {isa = PBXFileReference; lastKnownFileType = folder.assetcatalog; path = "Preview Assets.xcassets"; sourceTree = "<group>"; };
		C4126E402BC6DA9A00CF0E9A /* swiftcardTests.xctest */ = {isa = PBXFileReference; explicitFileType = wrapper.cfbundle; includeInIndex = 0; path = swiftcardTests.xctest; sourceTree = BUILT_PRODUCTS_DIR; };
		C4126E442BC6DA9A00CF0E9A /* swiftcardTests.swift */ = {isa = PBXFileReference; lastKnownFileType = sourcecode.swift; path = swiftcardTests.swift; sourceTree = "<group>"; };
		C4126E4A2BC6DA9A00CF0E9A /* swiftcardUITests.xctest */ = {isa = PBXFileReference; explicitFileType = wrapper.cfbundle; includeInIndex = 0; path = swiftcardUITests.xctest; sourceTree = BUILT_PRODUCTS_DIR; };
		C4126E4E2BC6DA9A00CF0E9A /* swiftcardUITests.swift */ = {isa = PBXFileReference; lastKnownFileType = sourcecode.swift; path = swiftcardUITests.swift; sourceTree = "<group>"; };
		C4126E502BC6DA9A00CF0E9A /* swiftcardUITestsLaunchTests.swift */ = {isa = PBXFileReference; lastKnownFileType = sourcecode.swift; path = swiftcardUITestsLaunchTests.swift; sourceTree = "<group>"; };
/* End PBXFileReference section */

/* Begin PBXFrameworksBuildPhase section */
		C4126E2D2BC6DA9800CF0E9A /* Frameworks */ = {
			isa = PBXFrameworksBuildPhase;
			buildActionMask = 2147483647;
			files = (
			);
			runOnlyForDeploymentPostprocessing = 0;
		};
		C4126E3D2BC6DA9A00CF0E9A /* Frameworks */ = {
			isa = PBXFrameworksBuildPhase;
			buildActionMask = 2147483647;
			files = (
			);
			runOnlyForDeploymentPostprocessing = 0;
		};
		C4126E472BC6DA9A00CF0E9A /* Frameworks */ = {
			isa = PBXFrameworksBuildPhase;
			buildActionMask = 2147483647;
			files = (
			);
			runOnlyForDeploymentPostprocessing = 0;
		};
/* End PBXFrameworksBuildPhase section */

/* Begin PBXGroup section */
		C4126E272BC6DA9800CF0E9A = {
			isa = PBXGroup;
			children = (
				C4126E322BC6DA9800CF0E9A /* swiftcard */,
				C4126E432BC6DA9A00CF0E9A /* swiftcardTests */,
				C4126E4D2BC6DA9A00CF0E9A /* swiftcardUITests */,
				C4126E312BC6DA9800CF0E9A /* Products */,
			);
			sourceTree = "<group>";
		};
		C4126E312BC6DA9800CF0E9A /* Products */ = {
			isa = PBXGroup;
			children = (
				C4126E302BC6DA9800CF0E9A /* swiftcard.app */,
				C4126E402BC6DA9A00CF0E9A /* swiftcardTests.xctest */,
				C4126E4A2BC6DA9A00CF0E9A /* swiftcardUITests.xctest */,
			);
			name = Products;
			sourceTree = "<group>";
		};
		C4126E322BC6DA9800CF0E9A /* swiftcard */ = {
			isa = PBXGroup;
			children = (
				C4126E332BC6DA9800CF0E9A /* swiftcardApp.swift */,
				C4126E352BC6DA9800CF0E9A /* ContentView.swift */,
				C4126E372BC6DA9900CF0E9A /* Assets.xcassets */,
				C4126E392BC6DA9900CF0E9A /* Preview Content */,
			);
			path = swiftcard;
			sourceTree = "<group>";
		};
		C4126E392BC6DA9900CF0E9A /* Preview Content */ = {
			isa = PBXGroup;
			children = (
				C4126E3A2BC6DA9900CF0E9A /* Preview Assets.xcassets */,
			);
			path = "Preview Content";
			sourceTree = "<group>";
		};
		C4126E432BC6DA9A00CF0E9A /* swiftcardTests */ = {
			isa = PBXGroup;
			children = (
				C4126E442BC6DA9A00CF0E9A /* swiftcardTests.swift */,
			);
			path = swiftcardTests;
			sourceTree = "<group>";
		};
		C4126E4D2BC6DA9A00CF0E9A /* swiftcardUITests */ = {
			isa = PBXGroup;
			children = (
				C4126E4E2BC6DA9A00CF0E9A /* swiftcardUITests.swift */,
				C4126E502BC6DA9A00CF0E9A /* swiftcardUITestsLaunchTests.swift */,
			);
			path = swiftcardUITests;
			sourceTree = "<group>";
		};
/* End PBXGroup section */

/* Begin PBXNativeTarget section */
		C4126E2F2BC6DA9800CF0E9A /* swiftcard */ = {
			isa = PBXNativeTarget;
			buildConfigurationList = C4126E542BC6DA9A00CF0E9A /* Build configuration list for PBXNativeTarget "swiftcard" */;
			buildPhases = (
				C4126E2C2BC6DA9800CF0E9A /* Sources */,
				C4126E2D2BC6DA9800CF0E9A /* Frameworks */,
				C4126E2E2BC6DA9800CF0E9A /* Resources */,
			);
			buildRules = (
			);
			dependencies = (
			);
			name = swiftcard;
			productName = swiftcard;
			productReference = C4126E302BC6DA9800CF0E9A /* swiftcard.app */;
			productType = "com.apple.product-type.application";
		};
		C4126E3F2BC6DA9A00CF0E9A /* swiftcardTests */ = {
			isa = PBXNativeTarget;
			buildConfigurationList = C4126E572BC6DA9A00CF0E9A /* Build configuration list for PBXNativeTarget "swiftcardTests" */;
			buildPhases = (
				C4126E3C2BC6DA9A00CF0E9A /* Sources */,
				C4126E3D2BC6DA9A00CF0E9A /* Frameworks */,
				C4126E3E2BC6DA9A00CF0E9A /* Resources */,
			);
			buildRules = (
			);
			dependencies = (
				C4126E422BC6DA9A00CF0E9A /* PBXTargetDependency */,
			);
			name = swiftcardTests;
			productName = swiftcardTests;
			productReference = C4126E402BC6DA9A00CF0E9A /* swiftcardTests.xctest */;
			productType = "com.apple.product-type.bundle.unit-test";
		};
		C4126E492BC6DA9A00CF0E9A /* swiftcardUITests */ = {
			isa = PBXNativeTarget;
			buildConfigurationList = C4126E5A2BC6DA9A00CF0E9A /* Build configuration list for PBXNativeTarget "swiftcardUITests" */;
			buildPhases = (
				C4126E462BC6DA9A00CF0E9A /* Sources */,
				C4126E472BC6DA9A00CF0E9A /* Frameworks */,
				C4126E482BC6DA9A00CF0E9A /* Resources */,
			);
			buildRules = (
			);
			dependencies = (
				C4126E4C2BC6DA9A00CF0E9A /* PBXTargetDependency */,
			);
			name = swiftcardUITests;
			productName = swiftcardUITests;
			productReference = C4126E4A2BC6DA9A00CF0E9A /* swiftcardUITests.xctest */;
			productType = "com.apple.product-type.bundle.ui-testing";
		};
/* End PBXNativeTarget section */

/* Begin PBXProject section */
		C4126E282BC6DA9800CF0E9A /* Project object */ = {
			isa = PBXProject;
			attributes = {
				BuildIndependentTargetsInParallel = 1;
				LastSwiftUpdateCheck = 1520;
				LastUpgradeCheck = 1520;
				TargetAttributes = {
					C4126E2F2BC6DA9800CF0E9A = {
						CreatedOnToolsVersion = 15.2;
					};
					C4126E3F2BC6DA9A00CF0E9A = {
						CreatedOnToolsVersion = 15.2;
						TestTargetID = C4126E2F2BC6DA9800CF0E9A;
					};
					C4126E492BC6DA9A00CF0E9A = {
						CreatedOnToolsVersion = 15.2;
						TestTargetID = C4126E2F2BC6DA9800CF0E9A;
					};
				};
			};
			buildConfigurationList = C4126E2B2BC6DA9800CF0E9A /* Build configuration list for PBXProject "swiftcard" */;
			compatibilityVersion = "Xcode 14.0";
			developmentRegion = en;
			hasScannedForEncodings = 0;
			knownRegions = (
				en,
				Base,
			);
			mainGroup = C4126E272BC6DA9800CF0E9A;
			productRefGroup = C4126E312BC6DA9800CF0E9A /* Products */;
			projectDirPath = "";
			projectRoot = "";
			targets = (
				C4126E2F2BC6DA9800CF0E9A /* swiftcard */,
				C4126E3F2BC6DA9A00CF0E9A /* swiftcardTests */,
				C4126E492BC6DA9A00CF0E9A /* swiftcardUITests */,
			);
		};
/* End PBXProject section */

/* Begin PBXResourcesBuildPhase section */
		C4126E2E2BC6DA9800CF0E9A /* Resources */ = {
			isa = PBXResourcesBuildPhase;
			buildActionMask = 2147483647;
			files = (
				C4126E3B2BC6DA9900CF0E9A /* Preview Assets.xcassets in Resources */,
				C4126E382BC6DA9900CF0E9A /* Assets.xcassets in Resources */,
			);
			runOnlyForDeploymentPostprocessing = 0;
		};
		C4126E3E2BC6DA9A00CF0E9A /* Resources */ = {
			isa = PBXResourcesBuildPhase;
			buildActionMask = 2147483647;
			files = (
			);
			runOnlyForDeploymentPostprocessing = 0;
		};
		C4126E482BC6DA9A00CF0E9A /* Resources */ = {
			isa = PBXResourcesBuildPhase;
			buildActionMask = 2147483647;
			files = (
			);
			runOnlyForDeploymentPostprocessing = 0;
		};
/* End PBXResourcesBuildPhase section */

/* Begin PBXSourcesBuildPhase section */
		C4126E2C2BC6DA9800CF0E9A /* Sources */ = {
			isa = PBXSourcesBuildPhase;
			buildActionMask = 2147483647;
			files = (
				C4126E362BC6DA9800CF0E9A /* ContentView.swift in Sources */,
				C4126E342BC6DA9800CF0E9A /* swiftcardApp.swift in Sources */,
			);
			runOnlyForDeploymentPostprocessing = 0;
		};
		C4126E3C2BC6DA9A00CF0E9A /* Sources */ = {
			isa = PBXSourcesBuildPhase;
			buildActionMask = 2147483647;
			files = (
				C4126E452BC6DA9A00CF0E9A /* swiftcardTests.swift in Sources */,
			);
			runOnlyForDeploymentPostprocessing = 0;
		};
		C4126E462BC6DA9A00CF0E9A /* Sources */ = {
			isa = PBXSourcesBuildPhase;
			buildActionMask = 2147483647;
			files = (
				C4126E512BC6DA9A00CF0E9A /* swiftcardUITestsLaunchTests.swift in Sources */,
				C4126E4F2BC6DA9A00CF0E9A /* swiftcardUITests.swift in Sources */,
			);
			runOnlyForDeploymentPostprocessing = 0;
		};
/* End PBXSourcesBuildPhase section */

/* Begin PBXTargetDependency section */
		C4126E422BC6DA9A00CF0E9A /* PBXTargetDependency */ = {
			isa = PBXTargetDependency;
			target = C4126E2F2BC6DA9800CF0E9A /* swiftcard */;
			targetProxy = C4126E412BC6DA9A00CF0E9A /* PBXContainerItemProxy */;
		};
		C4126E4C2BC6DA9A00CF0E9A /* PBXTargetDependency */ = {
			isa = PBXTargetDependency;
			target = C4126E2F2BC6DA9800CF0E9A /* swiftcard */;
			targetProxy = C4126E4B2BC6DA9A00CF0E9A /* PBXContainerItemProxy */;
		};
/* End PBXTargetDependency section */

/* Begin XCBuildConfiguration section */
		C4126E522BC6DA9A00CF0E9A /* Debug */ = {
			isa = XCBuildConfiguration;
			buildSettings = {
				ALWAYS_SEARCH_USER_PATHS = NO;
				ASSETCATALOG_COMPILER_GENERATE_SWIFT_ASSET_SYMBOL_EXTENSIONS = YES;
				CLANG_ANALYZER_NONNULL = YES;
				CLANG_ANALYZER_NUMBER_OBJECT_CONVERSION = YES_AGGRESSIVE;
				CLANG_CXX_LANGUAGE_STANDARD = "gnu++20";
				CLANG_ENABLE_MODULES = YES;
				CLANG_ENABLE_OBJC_ARC = YES;
				CLANG_ENABLE_OBJC_WEAK = YES;
				CLANG_WARN_BLOCK_CAPTURE_AUTORELEASING = YES;
				CLANG_WARN_BOOL_CONVERSION = YES;
				CLANG_WARN_COMMA = YES;
				CLANG_WARN_CONSTANT_CONVERSION = YES;
				CLANG_WARN_DEPRECATED_OBJC_IMPLEMENTATIONS = YES;
				CLANG_WARN_DIRECT_OBJC_ISA_USAGE = YES_ERROR;
				CLANG_WARN_DOCUMENTATION_COMMENTS = YES;
				CLANG_WARN_EMPTY_BODY = YES;
				CLANG_WARN_ENUM_CONVERSION = YES;
				CLANG_WARN_INFINITE_RECURSION = YES;
				CLANG_WARN_INT_CONVERSION = YES;
				CLANG_WARN_NON_LITERAL_NULL_CONVERSION = YES;
				CLANG_WARN_OBJC_IMPLICIT_RETAIN_SELF = YES;
				CLANG_WARN_OBJC_LITERAL_CONVERSION = YES;
				CLANG_WARN_OBJC_ROOT_CLASS = YES_ERROR;
				CLANG_WARN_QUOTED_INCLUDE_IN_FRAMEWORK_HEADER = YES;
				CLANG_WARN_RANGE_LOOP_ANALYSIS = YES;
				CLANG_WARN_STRICT_PROTOTYPES = YES;
				CLANG_WARN_SUSPICIOUS_MOVE = YES;
				CLANG_WARN_UNGUARDED_AVAILABILITY = YES_AGGRESSIVE;
				CLANG_WARN_UNREACHABLE_CODE = YES;
				CLANG_WARN__DUPLICATE_METHOD_MATCH = YES;
				COPY_PHASE_STRIP = NO;
				DEBUG_INFORMATION_FORMAT = dwarf;
				ENABLE_STRICT_OBJC_MSGSEND = YES;
				ENABLE_TESTABILITY = YES;
				ENABLE_USER_SCRIPT_SANDBOXING = YES;
				GCC_C_LANGUAGE_STANDARD = gnu17;
				GCC_DYNAMIC_NO_PIC = NO;
				GCC_NO_COMMON_BLOCKS = YES;
				GCC_OPTIMIZATION_LEVEL = 0;
				GCC_PREPROCESSOR_DEFINITIONS = (
					"DEBUG=1",
					"$(inherited)",
				);
				GCC_WARN_64_TO_32_BIT_CONVERSION = YES;
				GCC_WARN_ABOUT_RETURN_TYPE = YES_ERROR;
				GCC_WARN_UNDECLARED_SELECTOR = YES;
				GCC_WARN_UNINITIALIZED_AUTOS = YES_AGGRESSIVE;
				GCC_WARN_UNUSED_FUNCTION = YES;
				GCC_WARN_UNUSED_VARIABLE = YES;
				IPHONEOS_DEPLOYMENT_TARGET = 17.2;
				LOCALIZATION_PREFERS_STRING_CATALOGS = YES;
				MTL_ENABLE_DEBUG_INFO = INCLUDE_SOURCE;
				MTL_FAST_MATH = YES;
				ONLY_ACTIVE_ARCH = YES;
				SDKROOT = iphoneos;
				SWIFT_ACTIVE_COMPILATION_CONDITIONS = "DEBUG $(inherited)";
				SWIFT_OPTIMIZATION_LEVEL = "-Onone";
			};
			name = Debug;
		};
		C4126E532BC6DA9A00CF0E9A /* Release */ = {
			isa = XCBuildConfiguration;
			buildSettings = {
				ALWAYS_SEARCH_USER_PATHS = NO;
				ASSETCATALOG_COMPILER_GENERATE_SWIFT_ASSET_SYMBOL_EXTENSIONS = YES;
				CLANG_ANALYZER_NONNULL = YES;
				CLANG_ANALYZER_NUMBER_OBJECT_CONVERSION = YES_AGGRESSIVE;
				CLANG_CXX_LANGUAGE_STANDARD = "gnu++20";
				CLANG_ENABLE_MODULES = YES;
				CLANG_ENABLE_OBJC_ARC = YES;
				CLANG_ENABLE_OBJC_WEAK = YES;
				CLANG_WARN_BLOCK_CAPTURE_AUTORELEASING = YES;
				CLANG_WARN_BOOL_CONVERSION = YES;
				CLANG_WARN_COMMA = YES;
				CLANG_WARN_CONSTANT_CONVERSION = YES;
				CLANG_WARN_DEPRECATED_OBJC_IMPLEMENTATIONS = YES;
				CLANG_WARN_DIRECT_OBJC_ISA_USAGE = YES_ERROR;
				CLANG_WARN_DOCUMENTATION_COMMENTS = YES;
				CLANG_WARN_EMPTY_BODY = YES;
				CLANG_WARN_ENUM_CONVERSION = YES;
				CLANG_WARN_INFINITE_RECURSION = YES;
				CLANG_WARN_INT_CONVERSION = YES;
				CLANG_WARN_NON_LITERAL_NULL_CONVERSION = YES;
				CLANG_WARN_OBJC_IMPLICIT_RETAIN_SELF = YES;
				CLANG_WARN_OBJC_LITERAL_CONVERSION = YES;
				CLANG_WARN_OBJC_ROOT_CLASS = YES_ERROR;
				CLANG_WARN_QUOTED_INCLUDE_IN_FRAMEWORK_HEADER = YES;
				CLANG_WARN_RANGE_LOOP_ANALYSIS = YES;
				CLANG_WARN_STRICT_PROTOTYPES = YES;
				CLANG_WARN_SUSPICIOUS_MOVE = YES;
				CLANG_WARN_UNGUARDED_AVAILABILITY = YES_AGGRESSIVE;
				CLANG_WARN_UNREACHABLE_CODE = YES;
				CLANG_WARN__DUPLICATE_METHOD_MATCH = YES;
				COPY_PHASE_STRIP = NO;
				DEBUG_INFORMATION_FORMAT = "dwarf-with-dsym";
				ENABLE_NS_ASSERTIONS = NO;
				ENABLE_STRICT_OBJC_MSGSEND = YES;
				ENABLE_USER_SCRIPT_SANDBOXING = YES;
				GCC_C_LANGUAGE_STANDARD = gnu17;
				GCC_NO_COMMON_BLOCKS = YES;
				GCC_WARN_64_TO_32_BIT_CONVERSION = YES;
				GCC_WARN_ABOUT_RETURN_TYPE = YES_ERROR;
				GCC_WARN_UNDECLARED_SELECTOR = YES;
				GCC_WARN_UNINITIALIZED_AUTOS = YES_AGGRESSIVE;
				GCC_WARN_UNUSED_FUNCTION = YES;
				GCC_WARN_UNUSED_VARIABLE = YES;
				IPHONEOS_DEPLOYMENT_TARGET = 17.2;
				LOCALIZATION_PREFERS_STRING_CATALOGS = YES;
				MTL_ENABLE_DEBUG_INFO = NO;
				MTL_FAST_MATH = YES;
				SDKROOT = iphoneos;
				SWIFT_COMPILATION_MODE = wholemodule;
				VALIDATE_PRODUCT = YES;
			};
			name = Release;
		};
		C4126E552BC6DA9A00CF0E9A /* Debug */ = {
			isa = XCBuildConfiguration;
			buildSettings = {
				ASSETCATALOG_COMPILER_APPICON_NAME = AppIcon;
				ASSETCATALOG_COMPILER_GLOBAL_ACCENT_COLOR_NAME = AccentColor;
				CODE_SIGN_STYLE = Automatic;
				CURRENT_PROJECT_VERSION = 1;
				DEVELOPMENT_ASSET_PATHS = "\"swiftcard/Preview Content\"";
				ENABLE_PREVIEWS = YES;
				GENERATE_INFOPLIST_FILE = YES;
				INFOPLIST_KEY_UIApplicationSceneManifest_Generation = YES;
				INFOPLIST_KEY_UIApplicationSupportsIndirectInputEvents = YES;
				INFOPLIST_KEY_UILaunchScreen_Generation = YES;
				INFOPLIST_KEY_UISupportedInterfaceOrientations_iPad = "UIInterfaceOrientationPortrait UIInterfaceOrientationPortraitUpsideDown UIInterfaceOrientationLandscapeLeft UIInterfaceOrientationLandscapeRight";
				INFOPLIST_KEY_UISupportedInterfaceOrientations_iPhone = "UIInterfaceOrientationPortrait UIInterfaceOrientationLandscapeLeft UIInterfaceOrientationLandscapeRight";
				LD_RUNPATH_SEARCH_PATHS = (
					"$(inherited)",
					"@executable_path/Frameworks",
				);
				MARKETING_VERSION = 1.0;
				PRODUCT_BUNDLE_IDENTIFIER = edu.otc.swiftcard;
				PRODUCT_NAME = "$(TARGET_NAME)";
				SWIFT_EMIT_LOC_STRINGS = YES;
				SWIFT_VERSION = 5.0;
				TARGETED_DEVICE_FAMILY = "1,2";
			};
			name = Debug;
		};
		C4126E562BC6DA9A00CF0E9A /* Release */ = {
			isa = XCBuildConfiguration;
			buildSettings = {
				ASSETCATALOG_COMPILER_APPICON_NAME = AppIcon;
				ASSETCATALOG_COMPILER_GLOBAL_ACCENT_COLOR_NAME = AccentColor;
				CODE_SIGN_STYLE = Automatic;
				CURRENT_PROJECT_VERSION = 1;
				DEVELOPMENT_ASSET_PATHS = "\"swiftcard/Preview Content\"";
				ENABLE_PREVIEWS = YES;
				GENERATE_INFOPLIST_FILE = YES;
				INFOPLIST_KEY_UIApplicationSceneManifest_Generation = YES;
				INFOPLIST_KEY_UIApplicationSupportsIndirectInputEvents = YES;
				INFOPLIST_KEY_UILaunchScreen_Generation = YES;
				INFOPLIST_KEY_UISupportedInterfaceOrientations_iPad = "UIInterfaceOrientationPortrait UIInterfaceOrientationPortraitUpsideDown UIInterfaceOrientationLandscapeLeft UIInterfaceOrientationLandscapeRight";
				INFOPLIST_KEY_UISupportedInterfaceOrientations_iPhone = "UIInterfaceOrientationPortrait UIInterfaceOrientationLandscapeLeft UIInterfaceOrientationLandscapeRight";
				LD_RUNPATH_SEARCH_PATHS = (
					"$(inherited)",
					"@executable_path/Frameworks",
				);
				MARKETING_VERSION = 1.0;
				PRODUCT_BUNDLE_IDENTIFIER = edu.otc.swiftcard;
				PRODUCT_NAME = "$(TARGET_NAME)";
				SWIFT_EMIT_LOC_STRINGS = YES;
				SWIFT_VERSION = 5.0;
				TARGETED_DEVICE_FAMILY = "1,2";
			};
			name = Release;
		};
		C4126E582BC6DA9A00CF0E9A /* Debug */ = {
			isa = XCBuildConfiguration;
			buildSettings = {
				ALWAYS_EMBED_SWIFT_STANDARD_LIBRARIES = YES;
				BUNDLE_LOADER = "$(TEST_HOST)";
				CODE_SIGN_STYLE = Automatic;
				CURRENT_PROJECT_VERSION = 1;
				GENERATE_INFOPLIST_FILE = YES;
				IPHONEOS_DEPLOYMENT_TARGET = 17.2;
				MARKETING_VERSION = 1.0;
				PRODUCT_BUNDLE_IDENTIFIER = edu.otc.swiftcardTests;
				PRODUCT_NAME = "$(TARGET_NAME)";
				SWIFT_EMIT_LOC_STRINGS = NO;
				SWIFT_VERSION = 5.0;
				TARGETED_DEVICE_FAMILY = "1,2";
				TEST_HOST = "$(BUILT_PRODUCTS_DIR)/swiftcard.app/$(BUNDLE_EXECUTABLE_FOLDER_PATH)/swiftcard";
			};
			name = Debug;
		};
		C4126E592BC6DA9A00CF0E9A /* Release */ = {
			isa = XCBuildConfiguration;
			buildSettings = {
				ALWAYS_EMBED_SWIFT_STANDARD_LIBRARIES = YES;
				BUNDLE_LOADER = "$(TEST_HOST)";
				CODE_SIGN_STYLE = Automatic;
				CURRENT_PROJECT_VERSION = 1;
				GENERATE_INFOPLIST_FILE = YES;
				IPHONEOS_DEPLOYMENT_TARGET = 17.2;
				MARKETING_VERSION = 1.0;
				PRODUCT_BUNDLE_IDENTIFIER = edu.otc.swiftcardTests;
				PRODUCT_NAME = "$(TARGET_NAME)";
				SWIFT_EMIT_LOC_STRINGS = NO;
				SWIFT_VERSION = 5.0;
				TARGETED_DEVICE_FAMILY = "1,2";
				TEST_HOST = "$(BUILT_PRODUCTS_DIR)/swiftcard.app/$(BUNDLE_EXECUTABLE_FOLDER_PATH)/swiftcard";
			};
			name = Release;
		};
		C4126E5B2BC6DA9A00CF0E9A /* Debug */ = {
			isa = XCBuildConfiguration;
			buildSettings = {
				ALWAYS_EMBED_SWIFT_STANDARD_LIBRARIES = YES;
				CODE_SIGN_STYLE = Automatic;
				CURRENT_PROJECT_VERSION = 1;
				GENERATE_INFOPLIST_FILE = YES;
				MARKETING_VERSION = 1.0;
				PRODUCT_BUNDLE_IDENTIFIER = edu.otc.swiftcardUITests;
				PRODUCT_NAME = "$(TARGET_NAME)";
				SWIFT_EMIT_LOC_STRINGS = NO;
				SWIFT_VERSION = 5.0;
				TARGETED_DEVICE_FAMILY = "1,2";
				TEST_TARGET_NAME = swiftcard;
			};
			name = Debug;
		};
		C4126E5C2BC6DA9A00CF0E9A /* Release */ = {
			isa = XCBuildConfiguration;
			buildSettings = {
				ALWAYS_EMBED_SWIFT_STANDARD_LIBRARIES = YES;
				CODE_SIGN_STYLE = Automatic;
				CURRENT_PROJECT_VERSION = 1;
				GENERATE_INFOPLIST_FILE = YES;
				MARKETING_VERSION = 1.0;
				PRODUCT_BUNDLE_IDENTIFIER = edu.otc.swiftcardUITests;
				PRODUCT_NAME = "$(TARGET_NAME)";
				SWIFT_EMIT_LOC_STRINGS = NO;
				SWIFT_VERSION = 5.0;
				TARGETED_DEVICE_FAMILY = "1,2";
				TEST_TARGET_NAME = swiftcard;
			};
			name = Release;
		};
/* End XCBuildConfiguration section */

/* Begin XCConfigurationList section */
		C4126E2B2BC6DA9800CF0E9A /* Build configuration list for PBXProject "swiftcard" */ = {
			isa = XCConfigurationList;
			buildConfigurations = (
				C4126E522BC6DA9A00CF0E9A /* Debug */,
				C4126E532BC6DA9A00CF0E9A /* Release */,
			);
			defaultConfigurationIsVisible = 0;
			defaultConfigurationName = Release;
		};
		C4126E542BC6DA9A00CF0E9A /* Build configuration list for PBXNativeTarget "swiftcard" */ = {
			isa = XCConfigurationList;
			buildConfigurations = (
				C4126E552BC6DA9A00CF0E9A /* Debug */,
				C4126E562BC6DA9A00CF0E9A /* Release */,
			);
			defaultConfigurationIsVisible = 0;
			defaultConfigurationName = Release;
		};
		C4126E572BC6DA9A00CF0E9A /* Build configuration list for PBXNativeTarget "swiftcardTests" */ = {
			isa = XCConfigurationList;
			buildConfigurations = (
				C4126E582BC6DA9A00CF0E9A /* Debug */,
				C4126E592BC6DA9A00CF0E9A /* Release */,
			);
			defaultConfigurationIsVisible = 0;
			defaultConfigurationName = Release;
		};
		C4126E5A2BC6DA9A00CF0E9A /* Build configuration list for PBXNativeTarget "swiftcardUITests" */ = {
			isa = XCConfigurationList;
			buildConfigurations = (
				C4126E5B2BC6DA9A00CF0E9A /* Debug */,
				C4126E5C2BC6DA9A00CF0E9A /* Release */,
			);
			defaultConfigurationIsVisible = 0;
			defaultConfigurationName = Release;
		};
/* End XCConfigurationList section */
	};
	rootObject = C4126E282BC6DA9800CF0E9A /* Project object */;
}
